
Microsoft Visual Studio Solution File, Format Version 12.00
# Visual Studio Version 17
VisualStudioVersion = 17.1.32407.343
MinimumVisualStudioVersion = 10.0.40219.1
Project("{FAE04EC0-301F-11D3-BF4B-00C04F79EFBC}") = "Homework1", "Homework1\Homework1.csproj", "{F6D63125-11AB-451E-BAC8-D7E7E44D4C21}"
EndProject
Project("{FAE04EC0-301F-11D3-BF4B-00C04F79EFBC}") = "Homework2", "Homework2\Homework2.csproj", "{7C90B17B-907B-4A5D-994F-A948E7C238DC}"
EndProject
Project("{FAE04EC0-301F-11D3-BF4B-00C04F79EFBC}") = "Homework3", "Homework3\Homework3.csproj", "{0DD6466B-F5D0-44D8-AB81-5B3754614359}"
EndProject
Project("{FAE04EC0-301F-11D3-BF4B-00C04F79EFBC}") = "Homework4.1", "Homework4.1\Homework4.1.csproj", "{35902B72-EA61-4827-ABDE-CBC114968527}"
EndProject
Project("{FAE04EC0-301F-11D3-BF4B-00C04F79EFBC}") = "Homework5", "Homework5\Homework5.csproj", "{EE1F1F66-EF0C-4771-8646-B1B43B8A82B1}"
EndProject
Project("{FAE04EC0-301F-11D3-BF4B-00C04F79EFBC}") = "Homework6", "Homework6\Homework6.csproj", "{D835B417-0CE8-40BA-9DC9-33B4BDF80E76}"
EndProject
Global
	GlobalSection(SolutionConfigurationPlatforms) = preSolution
		Debug|Any CPU = Debug|Any CPU
		Release|Any CPU = Release|Any CPU
	EndGlobalSection
	GlobalSection(ProjectConfigurationPlatforms) = postSolution
		{F6D63125-11AB-451E-BAC8-D7E7E44D4C21}.Debug|Any CPU.ActiveCfg = Debug|Any CPU
		{F6D63125-11AB-451E-BAC8-D7E7E44D4C21}.Debug|Any CPU.Build.0 = Debug|Any CPU
		{F6D63125-11AB-451E-BAC8-D7E7E44D4C21}.Release|Any CPU.ActiveCfg = Release|Any CPU
		{F6D63125-11AB-451E-BAC8-D7E7E44D4C21}.Release|Any CPU.Build.0 = Release|Any CPU
		{7C90B17B-907B-4A5D-994F-A948E7C238DC}.Debug|Any CPU.ActiveCfg = Debug|Any CPU
		{7C90B17B-907B-4A5D-994F-A948E7C238DC}.Debug|Any CPU.Build.0 = Debug|Any CPU
		{7C90B17B-907B-4A5D-994F-A948E7C238DC}.Release|Any CPU.ActiveCfg = Release|Any CPU
		{7C90B17B-907B-4A5D-994F-A948E7C238DC}.Release|Any CPU.Build.0 = Release|Any CPU
		{0DD6466B-F5D0-44D8-AB81-5B3754614359}.Debug|Any CPU.ActiveCfg = Debug|Any CPU
		{0DD6466B-F5D0-44D8-AB81-5B3754614359}.Debug|Any CPU.Build.0 = Debug|Any CPU
		{0DD6466B-F5D0-44D8-AB81-5B3754614359}.Release|Any CPU.ActiveCfg = Release|Any CPU
		{0DD6466B-F5D0-44D8-AB81-5B3754614359}.Release|Any CPU.Build.0 = Release|Any CPU
		{35902B72-EA61-4827-ABDE-CBC114968527}.Debug|Any CPU.ActiveCfg = Debug|Any CPU
		{35902B72-EA61-4827-ABDE-CBC114968527}.Debug|Any CPU.Build.0 = Debug|Any CPU
		{35902B72-EA61-4827-ABDE-CBC114968527}.Release|Any CPU.ActiveCfg = Release|Any CPU
		{35902B72-EA61-4827-ABDE-CBC114968527}.Release|Any CPU.Build.0 = Release|Any CPU
		{EE1F1F66-EF0C-4771-8646-B1B43B8A82B1}.Debug|Any CPU.ActiveCfg = Debug|Any CPU
		{EE1F1F66-EF0C-4771-8646-B1B43B8A82B1}.Debug|Any CPU.Build.0 = Debug|Any CPU
		{EE1F1F66-EF0C-4771-8646-B1B43B8A82B1}.Release|Any CPU.ActiveCfg = Release|Any CPU
		{EE1F1F66-EF0C-4771-8646-B1B43B8A82B1}.Release|Any CPU.Build.0 = Release|Any CPU
		{D835B417-0CE8-40BA-9DC9-33B4BDF80E76}.Debug|Any CPU.ActiveCfg = Debug|Any CPU
		{D835B417-0CE8-40BA-9DC9-33B4BDF80E76}.Debug|Any CPU.Build.0 = Debug|Any CPU
		{D835B417-0CE8-40BA-9DC9-33B4BDF80E76}.Release|Any CPU.ActiveCfg = Release|Any CPU
		{D835B417-0CE8-40BA-9DC9-33B4BDF80E76}.Release|Any CPU.Build.0 = Release|Any CPU
	EndGlobalSection
	GlobalSection(SolutionProperties) = preSolution
		HideSolutionNode = FALSE
	EndGlobalSection
	GlobalSection(ExtensibilityGlobals) = postSolution
		SolutionGuid = {900E602A-C8E6-4F6B-ABAF-5B0B9E2011CB}
	EndGlobalSection
EndGlobal
